
Microsoft Visual Studio Solution File, Format Version 12.00
# Visual Studio Version 17
VisualStudioVersion = 17.0.31903.59
MinimumVisualStudioVersion = 10.0.40219.1
Project("{FAE04EC0-301F-11D3-BF4B-00C04F79EFBC}") = "AoC.Common", "AoC.Common\AoC.Common.csproj", "{DD746D5C-67D8-490A-97B2-ED3CF871EB26}"
EndProject
Project("{FAE04EC0-301F-11D3-BF4B-00C04F79EFBC}") = "AoC2023.Day01", "AoC2023.Day01\AoC2023.Day01.csproj", "{2C041EAF-58EB-46BE-ADB3-04D4E0CFD143}"
EndProject
Project("{FAE04EC0-301F-11D3-BF4B-00C04F79EFBC}") = "AoC2023.Day02", "AoC2023.Day02\AoC2023.Day02.csproj", "{7E11C7A8-741C-46D7-BC96-CB2600E45B07}"
EndProject
Project("{FAE04EC0-301F-11D3-BF4B-00C04F79EFBC}") = "AoC2023.Day03", "AoC2023.Day03\AoC2023.Day03.csproj", "{92108C20-3A7F-4B4B-AF7A-B8B8D722C146}"
EndProject
Project("{FAE04EC0-301F-11D3-BF4B-00C04F79EFBC}") = "AoC2023.Day04", "AoC2023.Day04\AoC2023.Day04.csproj", "{E7498BC0-8438-4D5B-B291-7FB123C6B4F8}"
EndProject
Project("{FAE04EC0-301F-11D3-BF4B-00C04F79EFBC}") = "AoC2023.Day05", "AoC2023.Day05\AoC2023.Day05.csproj", "{572EBCC5-43E7-4A68-9191-3C42A7578AC2}"
EndProject
Project("{FAE04EC0-301F-11D3-BF4B-00C04F79EFBC}") = "AoC2023.Day06", "AoC2023.Day06\AoC2023.Day06.csproj", "{183364CB-7D3B-4859-A07A-DE0FC46695F7}"
EndProject
Project("{FAE04EC0-301F-11D3-BF4B-00C04F79EFBC}") = "AoC2023.Day07", "AoC2023.Day07\AoC2023.Day07.csproj", "{72217A8D-E8E5-4154-A663-7C968179CC81}"
EndProject
Project("{FAE04EC0-301F-11D3-BF4B-00C04F79EFBC}") = "AoC2023.Day08", "AoC2023.Day08\AoC2023.Day08.csproj", "{5448C34D-F498-4F94-87B1-6B4EAE6FF73D}"
EndProject
Project("{FAE04EC0-301F-11D3-BF4B-00C04F79EFBC}") = "AoC2023.Day09", "AoC2023.Day09\AoC2023.Day09.csproj", "{67A7A88D-7DBF-44C2-91A3-2AB5AB626FE2}"
EndProject
Project("{FAE04EC0-301F-11D3-BF4B-00C04F79EFBC}") = "AoC2023.Day10", "AoC2023.Day10\AoC2023.Day10.csproj", "{DC4617B2-9799-4ADB-B6DD-306E51624FAA}"
EndProject
Project("{FAE04EC0-301F-11D3-BF4B-00C04F79EFBC}") = "AoC.Common.Test", "AoC.Common.Test\AoC.Common.Test.csproj", "{FE26D0F6-5D67-4040-B6CB-C4678D01589A}"
EndProject
Project("{FAE04EC0-301F-11D3-BF4B-00C04F79EFBC}") = "AoC2023.Day11", "AoC2023.Day11\AoC2023.Day11.csproj", "{187D0358-6AE0-4531-8939-8627DBC11E39}"
EndProject
Project("{FAE04EC0-301F-11D3-BF4B-00C04F79EFBC}") = "AoC2023.Day12", "AoC2023.Day12\AoC2023.Day12.csproj", "{71DFEAAE-1B92-4D60-A101-92878D1038BA}"
EndProject
Project("{FAE04EC0-301F-11D3-BF4B-00C04F79EFBC}") = "AoC2023.Day13", "AoC2023.Day13\AoC2023.Day13.csproj", "{F645A626-E3AC-4340-B98B-935B7619EE30}"
EndProject
Project("{FAE04EC0-301F-11D3-BF4B-00C04F79EFBC}") = "AoC2023.Day14", "AoC2023.Day14\AoC2023.Day14.csproj", "{0C48FDC0-5873-4E24-9B75-2D683FAE6592}"
EndProject
Project("{FAE04EC0-301F-11D3-BF4B-00C04F79EFBC}") = "AoC2023.Day15", "AoC2023.Day15\AoC2023.Day15.csproj", "{716C6701-07AE-4979-A5D6-143F1693F98E}"
EndProject
Project("{FAE04EC0-301F-11D3-BF4B-00C04F79EFBC}") = "AoC2023.Day16", "AoC2023.Day16\AoC2023.Day16.csproj", "{586E9A46-9C2F-463B-A9DF-79C4EED3479C}"
EndProject
Project("{FAE04EC0-301F-11D3-BF4B-00C04F79EFBC}") = "AoC2023.Day17", "AoC2023.Day17\AoC2023.Day17.csproj", "{D77BC619-C4B9-418C-94D9-149F9586C09E}"
EndProject
Project("{FAE04EC0-301F-11D3-BF4B-00C04F79EFBC}") = "AoC2023.Day18", "AoC2023.Day18\AoC2023.Day18.csproj", "{049A9D6A-127C-4D0A-89B3-7F24B2C06370}"
EndProject
Project("{FAE04EC0-301F-11D3-BF4B-00C04F79EFBC}") = "AoC2023.Day19", "AoC2023.Day19\AoC2023.Day19.csproj", "{3E73C7D9-9E96-4B23-97E8-F5B99F5DCF43}"
EndProject
Project("{FAE04EC0-301F-11D3-BF4B-00C04F79EFBC}") = "AoC2023.Day20", "AoC2023.Day20\AoC2023.Day20.csproj", "{D251AAB0-ED66-45A9-AA69-3E3EE8FEC782}"
EndProject
Project("{FAE04EC0-301F-11D3-BF4B-00C04F79EFBC}") = "AoC2023.Day21", "AoC2023.Day21\AoC2023.Day21.csproj", "{93A0C953-F754-41D7-9EB5-0E566B84DE9A}"
EndProject
Project("{FAE04EC0-301F-11D3-BF4B-00C04F79EFBC}") = "AoC2023.Day22", "AoC2023.Day22\AoC2023.Day22.csproj", "{63F3B7E2-5FF8-4F4D-ADB1-0AFCA797A912}"
EndProject
Project("{FAE04EC0-301F-11D3-BF4B-00C04F79EFBC}") = "AoC2023.Day23", "AoC2023.Day23\AoC2023.Day23.csproj", "{14F96ED7-02DA-482D-AE7F-274EA7A832B2}"
EndProject
Global
	GlobalSection(SolutionConfigurationPlatforms) = preSolution
		Debug|Any CPU = Debug|Any CPU
		Release|Any CPU = Release|Any CPU
	EndGlobalSection
	GlobalSection(SolutionProperties) = preSolution
		HideSolutionNode = FALSE
	EndGlobalSection
	GlobalSection(ProjectConfigurationPlatforms) = postSolution
		{DD746D5C-67D8-490A-97B2-ED3CF871EB26}.Debug|Any CPU.ActiveCfg = Debug|Any CPU
		{DD746D5C-67D8-490A-97B2-ED3CF871EB26}.Debug|Any CPU.Build.0 = Debug|Any CPU
		{DD746D5C-67D8-490A-97B2-ED3CF871EB26}.Release|Any CPU.ActiveCfg = Release|Any CPU
		{DD746D5C-67D8-490A-97B2-ED3CF871EB26}.Release|Any CPU.Build.0 = Release|Any CPU
		{2C041EAF-58EB-46BE-ADB3-04D4E0CFD143}.Debug|Any CPU.ActiveCfg = Debug|Any CPU
		{2C041EAF-58EB-46BE-ADB3-04D4E0CFD143}.Debug|Any CPU.Build.0 = Debug|Any CPU
		{2C041EAF-58EB-46BE-ADB3-04D4E0CFD143}.Release|Any CPU.ActiveCfg = Release|Any CPU
		{2C041EAF-58EB-46BE-ADB3-04D4E0CFD143}.Release|Any CPU.Build.0 = Release|Any CPU
		{7E11C7A8-741C-46D7-BC96-CB2600E45B07}.Debug|Any CPU.ActiveCfg = Debug|Any CPU
		{7E11C7A8-741C-46D7-BC96-CB2600E45B07}.Debug|Any CPU.Build.0 = Debug|Any CPU
		{7E11C7A8-741C-46D7-BC96-CB2600E45B07}.Release|Any CPU.ActiveCfg = Release|Any CPU
		{7E11C7A8-741C-46D7-BC96-CB2600E45B07}.Release|Any CPU.Build.0 = Release|Any CPU
		{92108C20-3A7F-4B4B-AF7A-B8B8D722C146}.Debug|Any CPU.ActiveCfg = Debug|Any CPU
		{92108C20-3A7F-4B4B-AF7A-B8B8D722C146}.Debug|Any CPU.Build.0 = Debug|Any CPU
		{92108C20-3A7F-4B4B-AF7A-B8B8D722C146}.Release|Any CPU.ActiveCfg = Release|Any CPU
		{92108C20-3A7F-4B4B-AF7A-B8B8D722C146}.Release|Any CPU.Build.0 = Release|Any CPU
		{E7498BC0-8438-4D5B-B291-7FB123C6B4F8}.Debug|Any CPU.ActiveCfg = Debug|Any CPU
		{E7498BC0-8438-4D5B-B291-7FB123C6B4F8}.Debug|Any CPU.Build.0 = Debug|Any CPU
		{E7498BC0-8438-4D5B-B291-7FB123C6B4F8}.Release|Any CPU.ActiveCfg = Release|Any CPU
		{E7498BC0-8438-4D5B-B291-7FB123C6B4F8}.Release|Any CPU.Build.0 = Release|Any CPU
		{572EBCC5-43E7-4A68-9191-3C42A7578AC2}.Debug|Any CPU.ActiveCfg = Debug|Any CPU
		{572EBCC5-43E7-4A68-9191-3C42A7578AC2}.Debug|Any CPU.Build.0 = Debug|Any CPU
		{572EBCC5-43E7-4A68-9191-3C42A7578AC2}.Release|Any CPU.ActiveCfg = Release|Any CPU
		{572EBCC5-43E7-4A68-9191-3C42A7578AC2}.Release|Any CPU.Build.0 = Release|Any CPU
		{183364CB-7D3B-4859-A07A-DE0FC46695F7}.Debug|Any CPU.ActiveCfg = Debug|Any CPU
		{183364CB-7D3B-4859-A07A-DE0FC46695F7}.Debug|Any CPU.Build.0 = Debug|Any CPU
		{183364CB-7D3B-4859-A07A-DE0FC46695F7}.Release|Any CPU.ActiveCfg = Release|Any CPU
		{183364CB-7D3B-4859-A07A-DE0FC46695F7}.Release|Any CPU.Build.0 = Release|Any CPU
		{72217A8D-E8E5-4154-A663-7C968179CC81}.Debug|Any CPU.ActiveCfg = Debug|Any CPU
		{72217A8D-E8E5-4154-A663-7C968179CC81}.Debug|Any CPU.Build.0 = Debug|Any CPU
		{72217A8D-E8E5-4154-A663-7C968179CC81}.Release|Any CPU.ActiveCfg = Release|Any CPU
		{72217A8D-E8E5-4154-A663-7C968179CC81}.Release|Any CPU.Build.0 = Release|Any CPU
		{5448C34D-F498-4F94-87B1-6B4EAE6FF73D}.Debug|Any CPU.ActiveCfg = Debug|Any CPU
		{5448C34D-F498-4F94-87B1-6B4EAE6FF73D}.Debug|Any CPU.Build.0 = Debug|Any CPU
		{5448C34D-F498-4F94-87B1-6B4EAE6FF73D}.Release|Any CPU.ActiveCfg = Release|Any CPU
		{5448C34D-F498-4F94-87B1-6B4EAE6FF73D}.Release|Any CPU.Build.0 = Release|Any CPU
		{67A7A88D-7DBF-44C2-91A3-2AB5AB626FE2}.Debug|Any CPU.ActiveCfg = Debug|Any CPU
		{67A7A88D-7DBF-44C2-91A3-2AB5AB626FE2}.Debug|Any CPU.Build.0 = Debug|Any CPU
		{67A7A88D-7DBF-44C2-91A3-2AB5AB626FE2}.Release|Any CPU.ActiveCfg = Release|Any CPU
		{67A7A88D-7DBF-44C2-91A3-2AB5AB626FE2}.Release|Any CPU.Build.0 = Release|Any CPU
		{DC4617B2-9799-4ADB-B6DD-306E51624FAA}.Debug|Any CPU.ActiveCfg = Debug|Any CPU
		{DC4617B2-9799-4ADB-B6DD-306E51624FAA}.Debug|Any CPU.Build.0 = Debug|Any CPU
		{DC4617B2-9799-4ADB-B6DD-306E51624FAA}.Release|Any CPU.ActiveCfg = Release|Any CPU
		{DC4617B2-9799-4ADB-B6DD-306E51624FAA}.Release|Any CPU.Build.0 = Release|Any CPU
		{FE26D0F6-5D67-4040-B6CB-C4678D01589A}.Debug|Any CPU.ActiveCfg = Debug|Any CPU
		{FE26D0F6-5D67-4040-B6CB-C4678D01589A}.Debug|Any CPU.Build.0 = Debug|Any CPU
		{FE26D0F6-5D67-4040-B6CB-C4678D01589A}.Release|Any CPU.ActiveCfg = Release|Any CPU
		{FE26D0F6-5D67-4040-B6CB-C4678D01589A}.Release|Any CPU.Build.0 = Release|Any CPU
		{187D0358-6AE0-4531-8939-8627DBC11E39}.Debug|Any CPU.ActiveCfg = Debug|Any CPU
		{187D0358-6AE0-4531-8939-8627DBC11E39}.Debug|Any CPU.Build.0 = Debug|Any CPU
		{187D0358-6AE0-4531-8939-8627DBC11E39}.Release|Any CPU.ActiveCfg = Release|Any CPU
		{187D0358-6AE0-4531-8939-8627DBC11E39}.Release|Any CPU.Build.0 = Release|Any CPU
		{71DFEAAE-1B92-4D60-A101-92878D1038BA}.Debug|Any CPU.ActiveCfg = Debug|Any CPU
		{71DFEAAE-1B92-4D60-A101-92878D1038BA}.Debug|Any CPU.Build.0 = Debug|Any CPU
		{71DFEAAE-1B92-4D60-A101-92878D1038BA}.Release|Any CPU.ActiveCfg = Release|Any CPU
		{71DFEAAE-1B92-4D60-A101-92878D1038BA}.Release|Any CPU.Build.0 = Release|Any CPU
		{F645A626-E3AC-4340-B98B-935B7619EE30}.Debug|Any CPU.ActiveCfg = Debug|Any CPU
		{F645A626-E3AC-4340-B98B-935B7619EE30}.Debug|Any CPU.Build.0 = Debug|Any CPU
		{F645A626-E3AC-4340-B98B-935B7619EE30}.Release|Any CPU.ActiveCfg = Release|Any CPU
		{F645A626-E3AC-4340-B98B-935B7619EE30}.Release|Any CPU.Build.0 = Release|Any CPU
		{0C48FDC0-5873-4E24-9B75-2D683FAE6592}.Debug|Any CPU.ActiveCfg = Debug|Any CPU
		{0C48FDC0-5873-4E24-9B75-2D683FAE6592}.Debug|Any CPU.Build.0 = Debug|Any CPU
		{0C48FDC0-5873-4E24-9B75-2D683FAE6592}.Release|Any CPU.ActiveCfg = Release|Any CPU
		{0C48FDC0-5873-4E24-9B75-2D683FAE6592}.Release|Any CPU.Build.0 = Release|Any CPU
		{716C6701-07AE-4979-A5D6-143F1693F98E}.Debug|Any CPU.ActiveCfg = Debug|Any CPU
		{716C6701-07AE-4979-A5D6-143F1693F98E}.Debug|Any CPU.Build.0 = Debug|Any CPU
		{716C6701-07AE-4979-A5D6-143F1693F98E}.Release|Any CPU.ActiveCfg = Release|Any CPU
		{716C6701-07AE-4979-A5D6-143F1693F98E}.Release|Any CPU.Build.0 = Release|Any CPU
		{586E9A46-9C2F-463B-A9DF-79C4EED3479C}.Debug|Any CPU.ActiveCfg = Debug|Any CPU
		{586E9A46-9C2F-463B-A9DF-79C4EED3479C}.Debug|Any CPU.Build.0 = Debug|Any CPU
		{586E9A46-9C2F-463B-A9DF-79C4EED3479C}.Release|Any CPU.ActiveCfg = Release|Any CPU
		{586E9A46-9C2F-463B-A9DF-79C4EED3479C}.Release|Any CPU.Build.0 = Release|Any CPU
		{D77BC619-C4B9-418C-94D9-149F9586C09E}.Debug|Any CPU.ActiveCfg = Debug|Any CPU
		{D77BC619-C4B9-418C-94D9-149F9586C09E}.Debug|Any CPU.Build.0 = Debug|Any CPU
		{D77BC619-C4B9-418C-94D9-149F9586C09E}.Release|Any CPU.ActiveCfg = Release|Any CPU
		{D77BC619-C4B9-418C-94D9-149F9586C09E}.Release|Any CPU.Build.0 = Release|Any CPU
		{049A9D6A-127C-4D0A-89B3-7F24B2C06370}.Debug|Any CPU.ActiveCfg = Debug|Any CPU
		{049A9D6A-127C-4D0A-89B3-7F24B2C06370}.Debug|Any CPU.Build.0 = Debug|Any CPU
		{049A9D6A-127C-4D0A-89B3-7F24B2C06370}.Release|Any CPU.ActiveCfg = Release|Any CPU
		{049A9D6A-127C-4D0A-89B3-7F24B2C06370}.Release|Any CPU.Build.0 = Release|Any CPU
		{3E73C7D9-9E96-4B23-97E8-F5B99F5DCF43}.Debug|Any CPU.ActiveCfg = Debug|Any CPU
		{3E73C7D9-9E96-4B23-97E8-F5B99F5DCF43}.Debug|Any CPU.Build.0 = Debug|Any CPU
		{3E73C7D9-9E96-4B23-97E8-F5B99F5DCF43}.Release|Any CPU.ActiveCfg = Release|Any CPU
		{3E73C7D9-9E96-4B23-97E8-F5B99F5DCF43}.Release|Any CPU.Build.0 = Release|Any CPU
		{D251AAB0-ED66-45A9-AA69-3E3EE8FEC782}.Debug|Any CPU.ActiveCfg = Debug|Any CPU
		{D251AAB0-ED66-45A9-AA69-3E3EE8FEC782}.Debug|Any CPU.Build.0 = Debug|Any CPU
		{D251AAB0-ED66-45A9-AA69-3E3EE8FEC782}.Release|Any CPU.ActiveCfg = Release|Any CPU
		{D251AAB0-ED66-45A9-AA69-3E3EE8FEC782}.Release|Any CPU.Build.0 = Release|Any CPU
		{93A0C953-F754-41D7-9EB5-0E566B84DE9A}.Debug|Any CPU.ActiveCfg = Debug|Any CPU
		{93A0C953-F754-41D7-9EB5-0E566B84DE9A}.Debug|Any CPU.Build.0 = Debug|Any CPU
		{93A0C953-F754-41D7-9EB5-0E566B84DE9A}.Release|Any CPU.ActiveCfg = Release|Any CPU
		{93A0C953-F754-41D7-9EB5-0E566B84DE9A}.Release|Any CPU.Build.0 = Release|Any CPU
		{63F3B7E2-5FF8-4F4D-ADB1-0AFCA797A912}.Debug|Any CPU.ActiveCfg = Debug|Any CPU
		{63F3B7E2-5FF8-4F4D-ADB1-0AFCA797A912}.Debug|Any CPU.Build.0 = Debug|Any CPU
		{63F3B7E2-5FF8-4F4D-ADB1-0AFCA797A912}.Release|Any CPU.ActiveCfg = Release|Any CPU
		{63F3B7E2-5FF8-4F4D-ADB1-0AFCA797A912}.Release|Any CPU.Build.0 = Release|Any CPU
		{14F96ED7-02DA-482D-AE7F-274EA7A832B2}.Debug|Any CPU.ActiveCfg = Debug|Any CPU
		{14F96ED7-02DA-482D-AE7F-274EA7A832B2}.Debug|Any CPU.Build.0 = Debug|Any CPU
		{14F96ED7-02DA-482D-AE7F-274EA7A832B2}.Release|Any CPU.ActiveCfg = Release|Any CPU
		{14F96ED7-02DA-482D-AE7F-274EA7A832B2}.Release|Any CPU.Build.0 = Release|Any CPU
	EndGlobalSection
EndGlobal
